
Microsoft Visual Studio Solution File, Format Version 12.00
# Visual Studio Version 16
VisualStudioVersion = 16.0.29709.97
MinimumVisualStudioVersion = 10.0.40219.1
Project("{FAE04EC0-301F-11D3-BF4B-00C04F79EFBC}") = "Loja.UI", "Loja\Loja.UI.csproj", "{09AEFC83-E9D0-478A-8E5E-D9097AAD9D30}"
EndProject
Project("{9A19103F-16F7-4668-BE54-9A1E7A4F7556}") = "Loja.BLL", "Loga.BLL\Loja.BLL.csproj", "{AC7BD837-2094-4251-AFC6-D5996A7FA564}"
EndProject
Project("{9A19103F-16F7-4668-BE54-9A1E7A4F7556}") = "Loja.DTO", "Loja.DTO\Loja.DTO.csproj", "{17294C37-CC69-47DD-8F16-55BA9127EDDE}"
EndProject
Project("{9A19103F-16F7-4668-BE54-9A1E7A4F7556}") = "Loja.DAL", "Loja.DAL\Loja.DAL.csproj", "{00EB4AE4-8037-4814-A221-AC16D90E27DE}"
EndProject
Global
	GlobalSection(SolutionConfigurationPlatforms) = preSolution
		Debug|Any CPU = Debug|Any CPU
		Release|Any CPU = Release|Any CPU
	EndGlobalSection
	GlobalSection(ProjectConfigurationPlatforms) = postSolution
		{09AEFC83-E9D0-478A-8E5E-D9097AAD9D30}.Debug|Any CPU.ActiveCfg = Debug|Any CPU
		{09AEFC83-E9D0-478A-8E5E-D9097AAD9D30}.Debug|Any CPU.Build.0 = Debug|Any CPU
		{09AEFC83-E9D0-478A-8E5E-D9097AAD9D30}.Release|Any CPU.ActiveCfg = Release|Any CPU
		{09AEFC83-E9D0-478A-8E5E-D9097AAD9D30}.Release|Any CPU.Build.0 = Release|Any CPU
		{AC7BD837-2094-4251-AFC6-D5996A7FA564}.Debug|Any CPU.ActiveCfg = Debug|Any CPU
		{AC7BD837-2094-4251-AFC6-D5996A7FA564}.Debug|Any CPU.Build.0 = Debug|Any CPU
		{AC7BD837-2094-4251-AFC6-D5996A7FA564}.Release|Any CPU.ActiveCfg = Release|Any CPU
		{AC7BD837-2094-4251-AFC6-D5996A7FA564}.Release|Any CPU.Build.0 = Release|Any CPU
		{17294C37-CC69-47DD-8F16-55BA9127EDDE}.Debug|Any CPU.ActiveCfg = Debug|Any CPU
		{17294C37-CC69-47DD-8F16-55BA9127EDDE}.Debug|Any CPU.Build.0 = Debug|Any CPU
		{17294C37-CC69-47DD-8F16-55BA9127EDDE}.Release|Any CPU.ActiveCfg = Release|Any CPU
		{17294C37-CC69-47DD-8F16-55BA9127EDDE}.Release|Any CPU.Build.0 = Release|Any CPU
		{00EB4AE4-8037-4814-A221-AC16D90E27DE}.Debug|Any CPU.ActiveCfg = Debug|Any CPU
		{00EB4AE4-8037-4814-A221-AC16D90E27DE}.Debug|Any CPU.Build.0 = Debug|Any CPU
		{00EB4AE4-8037-4814-A221-AC16D90E27DE}.Release|Any CPU.ActiveCfg = Release|Any CPU
		{00EB4AE4-8037-4814-A221-AC16D90E27DE}.Release|Any CPU.Build.0 = Release|Any CPU
	EndGlobalSection
	GlobalSection(SolutionProperties) = preSolution
		HideSolutionNode = FALSE
	EndGlobalSection
	GlobalSection(ExtensibilityGlobals) = postSolution
		SolutionGuid = {E5C6F42B-12A6-413B-BF38-7D2BFD72072F}
	EndGlobalSection
EndGlobal
